// generated by milpa; reproducible build snapshot
version 1
strategy "maxver"

dep "nkdl" {
    source {
        kind "git"
        url (url)"ssh://github.com/coreyleavitt/nkdl"
        ref "v0.1.0"
    }
    identity "dag-sha256:714c3f0ecc823280befb51c5ad61bf2012703a3416d9cfb5faf62e5e9a897f97"
    version "0.1.0"
    declared_version_source "nimble"
    src_dir "src"
    requires
    provenance {
        origin "observed"
        kind "git"
        url "ssh://git@github.com/coreyleavitt/nkdl.git"
        ref "v0.1.0"
        commit_sha "f42588456ef03979913241c5ad80ca1529aa8f74"
    }
}
