// generated by milpa; reproducible build snapshot
version 1
strategy "maxver"

dep "nimcrypto" {
    source {
        kind "git"
        url (url)"https://github.com/cheatfate/nimcrypto"
        ref "v0.7.3"
    }
    identity "dag-sha256:ac4b01b28b4c27bf107999ff3e435d31fb2545ea3d087dae23bbdf681ec57a58"
    version "0.7.3"
    declared_version_source "nimble"
    src_dir ""
    requires
    provenance {
        origin "observed"
        kind "git"
        url "https://github.com/cheatfate/nimcrypto.git"
        ref "v0.7.3"
        commit_sha "b3dbc9c4d08e58c5b7bfad6dc7ef2ee52f2f4c08"
    }
}

dep "nkdl" {
    source {
        kind "git"
        url (url)"ssh://github.com/coreyleavitt/nkdl"
        ref "v0.1.0"
    }
    identity "dag-sha256:714c3f0ecc823280befb51c5ad61bf2012703a3416d9cfb5faf62e5e9a897f97"
    version "0.1.0"
    declared_version_source "nimble"
    src_dir "src"
    requires
    provenance {
        origin "observed"
        kind "git"
        url "ssh://git@github.com/coreyleavitt/nkdl.git"
        ref "v0.1.0"
        commit_sha "f42588456ef03979913241c5ad80ca1529aa8f74"
    }
}

dep "sello" {
    source {
        kind "git"
        url (url)"https://github.com/coreyleavitt/sello"
        ref "v0.4.0"
    }
    identity "dag-sha256:06d0b32546a609fc75318b28915b220183d74d10e6e412a20c60f8f593e93937"
    version "0.4.0"
    declared_version_source "manifest"
    src_dir "src"
    requires "nimcrypto"
    provenance {
        origin "observed"
        kind "git"
        url "https://github.com/coreyleavitt/sello.git"
        ref "v0.4.0"
        commit_sha "4281dff44986db98220ccc8ee5987791a29d08d1"
    }
}
